
Microsoft Visual Studio Solution File, Format Version 12.00
# Visual Studio Version 17
VisualStudioVersion = 17.3.32819.101
MinimumVisualStudioVersion = 10.0.40219.1
Project("{FAE04EC0-301F-11D3-BF4B-00C04F79EFBC}") = "CodeSeminar1", "CodeSeminar1\CodeSeminar1.csproj", "{EAE45317-2608-4B37-BD52-5E4A077F18BA}"
EndProject
Global
	GlobalSection(SolutionConfigurationPlatforms) = preSolution
		Debug|Any CPU = Debug|Any CPU
		Release|Any CPU = Release|Any CPU
	EndGlobalSection
	GlobalSection(ProjectConfigurationPlatforms) = postSolution
		{EAE45317-2608-4B37-BD52-5E4A077F18BA}.Debug|Any CPU.ActiveCfg = Debug|Any CPU
		{EAE45317-2608-4B37-BD52-5E4A077F18BA}.Debug|Any CPU.Build.0 = Debug|Any CPU
		{EAE45317-2608-4B37-BD52-5E4A077F18BA}.Release|Any CPU.ActiveCfg = Release|Any CPU
		{EAE45317-2608-4B37-BD52-5E4A077F18BA}.Release|Any CPU.Build.0 = Release|Any CPU
	EndGlobalSection
	GlobalSection(SolutionProperties) = preSolution
		HideSolutionNode = FALSE
	EndGlobalSection
	GlobalSection(ExtensibilityGlobals) = postSolution
		SolutionGuid = {5FF2F910-765F-4C2C-83FA-2A44681BEC24}
	EndGlobalSection
EndGlobal
